
Microsoft Visual Studio Solution File, Format Version 12.00
# Visual Studio Version 16
VisualStudioVersion = 16.0.30225.117
MinimumVisualStudioVersion = 10.0.40219.1
Project("{FAE04EC0-301F-11D3-BF4B-00C04F79EFBC}") = "SchemaNet_SystemTextJson", "SchemaNet_SystemTextJson\SchemaNet_SystemTextJson.csproj", "{81F42A40-0233-4100-9109-4EC17F7F820B}"
EndProject
Global
	GlobalSection(SolutionConfigurationPlatforms) = preSolution
		Debug|Any CPU = Debug|Any CPU
		Release|Any CPU = Release|Any CPU
	EndGlobalSection
	GlobalSection(ProjectConfigurationPlatforms) = postSolution
		{81F42A40-0233-4100-9109-4EC17F7F820B}.Debug|Any CPU.ActiveCfg = Debug|Any CPU
		{81F42A40-0233-4100-9109-4EC17F7F820B}.Debug|Any CPU.Build.0 = Debug|Any CPU
		{81F42A40-0233-4100-9109-4EC17F7F820B}.Release|Any CPU.ActiveCfg = Release|Any CPU
		{81F42A40-0233-4100-9109-4EC17F7F820B}.Release|Any CPU.Build.0 = Release|Any CPU
	EndGlobalSection
	GlobalSection(SolutionProperties) = preSolution
		HideSolutionNode = FALSE
	EndGlobalSection
	GlobalSection(ExtensibilityGlobals) = postSolution
		SolutionGuid = {B2226328-6EC9-4DF8-BECF-44408345261A}
	EndGlobalSection
EndGlobal
